
Microsoft Visual Studio Solution File, Format Version 12.00
# Visual Studio Version 17
VisualStudioVersion = 17.10.34928.147
MinimumVisualStudioVersion = 10.0.40219.1
Project("{FAE04EC0-301F-11D3-BF4B-00C04F79EFBC}") = "BBApp3", "BBApp3\BBApp3.csproj", "{AD7EA436-E894-48D8-96F6-04B05B57D62A}"
EndProject
Global
	GlobalSection(SolutionConfigurationPlatforms) = preSolution
		Debug|Any CPU = Debug|Any CPU
		Release|Any CPU = Release|Any CPU
	EndGlobalSection
	GlobalSection(ProjectConfigurationPlatforms) = postSolution
		{AD7EA436-E894-48D8-96F6-04B05B57D62A}.Debug|Any CPU.ActiveCfg = Debug|Any CPU
		{AD7EA436-E894-48D8-96F6-04B05B57D62A}.Debug|Any CPU.Build.0 = Debug|Any CPU
		{AD7EA436-E894-48D8-96F6-04B05B57D62A}.Release|Any CPU.ActiveCfg = Release|Any CPU
		{AD7EA436-E894-48D8-96F6-04B05B57D62A}.Release|Any CPU.Build.0 = Release|Any CPU
	EndGlobalSection
	GlobalSection(SolutionProperties) = preSolution
		HideSolutionNode = FALSE
	EndGlobalSection
	GlobalSection(ExtensibilityGlobals) = postSolution
		SolutionGuid = {B512256D-5A37-437B-95CE-C3AE0991C111}
	EndGlobalSection
EndGlobal
